
Microsoft Visual Studio Solution File, Format Version 12.00
# Visual Studio Version 16
VisualStudioVersion = 16.0.29215.179
MinimumVisualStudioVersion = 10.0.40219.1
Project("{FAE04EC0-301F-11D3-BF4B-00C04F79EFBC}") = "Overstag", "Overstag\Overstag.csproj", "{B039DC24-A11C-4AE6-93A0-3EC675440706}"
EndProject
Global
	GlobalSection(SolutionConfigurationPlatforms) = preSolution
		Debug|Any CPU = Debug|Any CPU
		Release|Any CPU = Release|Any CPU
	EndGlobalSection
	GlobalSection(ProjectConfigurationPlatforms) = postSolution
		{B039DC24-A11C-4AE6-93A0-3EC675440706}.Debug|Any CPU.ActiveCfg = Debug|Any CPU
		{B039DC24-A11C-4AE6-93A0-3EC675440706}.Debug|Any CPU.Build.0 = Debug|Any CPU
		{B039DC24-A11C-4AE6-93A0-3EC675440706}.Release|Any CPU.ActiveCfg = Release|Any CPU
		{B039DC24-A11C-4AE6-93A0-3EC675440706}.Release|Any CPU.Build.0 = Release|Any CPU
	EndGlobalSection
	GlobalSection(SolutionProperties) = preSolution
		HideSolutionNode = FALSE
	EndGlobalSection
	GlobalSection(ExtensibilityGlobals) = postSolution
		SolutionGuid = {B71DF5B6-BD1F-4C74-A792-6FEB30AD4EC8}
	EndGlobalSection
EndGlobal
